// !$*UTF8*$!
{
	archiveVersion = 1;
	classes = {
	};
	objectVersion = 48;
	objects = {

/* Begin PBXBuildFile section */
		18328C73204EB3240030C0C9 /* HomeVC.swift in Sources */ = {isa = PBXBuildFile; fileRef = 18328C6C204EB3230030C0C9 /* HomeVC.swift */; };
		18328C74204EB3240030C0C9 /* HomeModel.swift in Sources */ = {isa = PBXBuildFile; fileRef = 18328C6E204EB3230030C0C9 /* HomeModel.swift */; };
		18328C75204EB3240030C0C9 /* HomeViewModel.swift in Sources */ = {isa = PBXBuildFile; fileRef = 18328C70204EB3230030C0C9 /* HomeViewModel.swift */; };
		18328C76204EB3240030C0C9 /* AppDelegate.swift in Sources */ = {isa = PBXBuildFile; fileRef = 18328C72204EB3230030C0C9 /* AppDelegate.swift */; };
		187C439A204D252700D74281 /* Assets.xcassets in Resources */ = {isa = PBXBuildFile; fileRef = 187C4399204D252700D74281 /* Assets.xcassets */; };
		187C439D204D252700D74281 /* LaunchScreen.storyboard in Resources */ = {isa = PBXBuildFile; fileRef = 187C439B204D252700D74281 /* LaunchScreen.storyboard */; };
		187C43AF204D262B00D74281 /* Data Source.swift in Sources */ = {isa = PBXBuildFile; fileRef = 187C43AE204D262B00D74281 /* Data Source.swift */; };
		187C43B1204D264A00D74281 /* Webservice.swift in Sources */ = {isa = PBXBuildFile; fileRef = 187C43B0204D264A00D74281 /* Webservice.swift */; };
/* End PBXBuildFile section */

/* Begin PBXFileReference section */
		18328C6C204EB3230030C0C9 /* HomeVC.swift */ = {isa = PBXFileReference; fileEncoding = 4; lastKnownFileType = sourcecode.swift; path = HomeVC.swift; sourceTree = "<group>"; };
		18328C6E204EB3230030C0C9 /* HomeModel.swift */ = {isa = PBXFileReference; fileEncoding = 4; lastKnownFileType = sourcecode.swift; path = HomeModel.swift; sourceTree = "<group>"; };
		18328C70204EB3230030C0C9 /* HomeViewModel.swift */ = {isa = PBXFileReference; fileEncoding = 4; lastKnownFileType = sourcecode.swift; path = HomeViewModel.swift; sourceTree = "<group>"; };
		18328C72204EB3230030C0C9 /* AppDelegate.swift */ = {isa = PBXFileReference; fileEncoding = 4; lastKnownFileType = sourcecode.swift; path = AppDelegate.swift; sourceTree = "<group>"; };
		187C438F204D252700D74281 /* MVVM_Project.app */ = {isa = PBXFileReference; explicitFileType = wrapper.application; includeInIndex = 0; path = MVVM_Project.app; sourceTree = BUILT_PRODUCTS_DIR; };
		187C4399204D252700D74281 /* Assets.xcassets */ = {isa = PBXFileReference; lastKnownFileType = folder.assetcatalog; path = Assets.xcassets; sourceTree = "<group>"; };
		187C439C204D252700D74281 /* Base */ = {isa = PBXFileReference; lastKnownFileType = file.storyboard; name = Base; path = Base.lproj/LaunchScreen.storyboard; sourceTree = "<group>"; };
		187C439E204D252700D74281 /* Info.plist */ = {isa = PBXFileReference; lastKnownFileType = text.plist.xml; path = Info.plist; sourceTree = "<group>"; };
		187C43AE204D262B00D74281 /* Data Source.swift */ = {isa = PBXFileReference; lastKnownFileType = sourcecode.swift; path = "Data Source.swift"; sourceTree = "<group>"; };
		187C43B0204D264A00D74281 /* Webservice.swift */ = {isa = PBXFileReference; lastKnownFileType = sourcecode.swift; path = Webservice.swift; sourceTree = "<group>"; };
/* End PBXFileReference section */

/* Begin PBXFrameworksBuildPhase section */
		187C438C204D252700D74281 /* Frameworks */ = {
			isa = PBXFrameworksBuildPhase;
			buildActionMask = 2147483647;
			files = (
			);
			runOnlyForDeploymentPostprocessing = 0;
		};
/* End PBXFrameworksBuildPhase section */

/* Begin PBXGroup section */
		18328C69204EB3230030C0C9 /* Modules */ = {
			isa = PBXGroup;
			children = (
				18328C6A204EB3230030C0C9 /* Home */,
			);
			path = Modules;
			sourceTree = "<group>";
		};
		18328C6A204EB3230030C0C9 /* Home */ = {
			isa = PBXGroup;
			children = (
				18328C6B204EB3230030C0C9 /* Controller */,
				18328C6D204EB3230030C0C9 /* Models */,
				18328C6F204EB3230030C0C9 /* View Models */,
			);
			path = Home;
			sourceTree = "<group>";
		};
		18328C6B204EB3230030C0C9 /* Controller */ = {
			isa = PBXGroup;
			children = (
				18328C6C204EB3230030C0C9 /* HomeVC.swift */,
			);
			path = Controller;
			sourceTree = "<group>";
		};
		18328C6D204EB3230030C0C9 /* Models */ = {
			isa = PBXGroup;
			children = (
				18328C6E204EB3230030C0C9 /* HomeModel.swift */,
			);
			path = Models;
			sourceTree = "<group>";
		};
		18328C6F204EB3230030C0C9 /* View Models */ = {
			isa = PBXGroup;
			children = (
				18328C70204EB3230030C0C9 /* HomeViewModel.swift */,
			);
			path = "View Models";
			sourceTree = "<group>";
		};
		18328C71204EB3230030C0C9 /* App Lifecycle */ = {
			isa = PBXGroup;
			children = (
				18328C72204EB3230030C0C9 /* AppDelegate.swift */,
			);
			path = "App Lifecycle";
			sourceTree = "<group>";
		};
		187C4386204D252700D74281 = {
			isa = PBXGroup;
			children = (
				187C4391204D252700D74281 /* MVVM_Project */,
				187C4390204D252700D74281 /* Products */,
			);
			sourceTree = "<group>";
		};
		187C4390204D252700D74281 /* Products */ = {
			isa = PBXGroup;
			children = (
				187C438F204D252700D74281 /* MVVM_Project.app */,
			);
			name = Products;
			sourceTree = "<group>";
		};
		187C4391204D252700D74281 /* MVVM_Project */ = {
			isa = PBXGroup;
			children = (
				18328C71204EB3230030C0C9 /* App Lifecycle */,
				18328C69204EB3230030C0C9 /* Modules */,
				187C43AD204D25CA00D74281 /* Data Source */,
				187C43AC204D25CA00D74281 /* Services */,
				187C43A4204D25CA00D74281 /* Supporting Files */,
			);
			path = MVVM_Project;
			sourceTree = "<group>";
		};
		187C43A4204D25CA00D74281 /* Supporting Files */ = {
			isa = PBXGroup;
			children = (
				187C4399204D252700D74281 /* Assets.xcassets */,
				187C439B204D252700D74281 /* LaunchScreen.storyboard */,
				187C439E204D252700D74281 /* Info.plist */,
			);
			path = "Supporting Files";
			sourceTree = "<group>";
		};
		187C43AC204D25CA00D74281 /* Services */ = {
			isa = PBXGroup;
			children = (
				187C43B0204D264A00D74281 /* Webservice.swift */,
			);
			path = Services;
			sourceTree = "<group>";
		};
		187C43AD204D25CA00D74281 /* Data Source */ = {
			isa = PBXGroup;
			children = (
				187C43AE204D262B00D74281 /* Data Source.swift */,
			);
			path = "Data Source";
			sourceTree = "<group>";
		};
/* End PBXGroup section */

/* Begin PBXNativeTarget section */
		187C438E204D252700D74281 /* MVVM_Project */ = {
			isa = PBXNativeTarget;
			buildConfigurationList = 187C43A1204D252700D74281 /* Build configuration list for PBXNativeTarget "MVVM_Project" */;
			buildPhases = (
				187C438B204D252700D74281 /* Sources */,
				187C438C204D252700D74281 /* Frameworks */,
				187C438D204D252700D74281 /* Resources */,
			);
			buildRules = (
			);
			dependencies = (
			);
			name = MVVM_Project;
			productName = MVVM_Project;
			productReference = 187C438F204D252700D74281 /* MVVM_Project.app */;
			productType = "com.apple.product-type.application";
		};
/* End PBXNativeTarget section */

/* Begin PBXProject section */
		187C4387204D252700D74281 /* Project object */ = {
			isa = PBXProject;
			attributes = {
				LastSwiftUpdateCheck = 0920;
				LastUpgradeCheck = 0930;
				ORGANIZATIONNAME = Smartivity;
				TargetAttributes = {
					187C438E204D252700D74281 = {
						CreatedOnToolsVersion = 9.2;
						ProvisioningStyle = Automatic;
					};
				};
			};
			buildConfigurationList = 187C438A204D252700D74281 /* Build configuration list for PBXProject "MVVM_Project" */;
			compatibilityVersion = "Xcode 8.0";
			developmentRegion = en;
			hasScannedForEncodings = 0;
			knownRegions = (
				en,
				Base,
			);
			mainGroup = 187C4386204D252700D74281;
			productRefGroup = 187C4390204D252700D74281 /* Products */;
			projectDirPath = "";
			projectRoot = "";
			targets = (
				187C438E204D252700D74281 /* MVVM_Project */,
			);
		};
/* End PBXProject section */

/* Begin PBXResourcesBuildPhase section */
		187C438D204D252700D74281 /* Resources */ = {
			isa = PBXResourcesBuildPhase;
			buildActionMask = 2147483647;
			files = (
				187C439D204D252700D74281 /* LaunchScreen.storyboard in Resources */,
				187C439A204D252700D74281 /* Assets.xcassets in Resources */,
			);
			runOnlyForDeploymentPostprocessing = 0;
		};
/* End PBXResourcesBuildPhase section */

/* Begin PBXSourcesBuildPhase section */
		187C438B204D252700D74281 /* Sources */ = {
			isa = PBXSourcesBuildPhase;
			buildActionMask = 2147483647;
			files = (
				18328C76204EB3240030C0C9 /* AppDelegate.swift in Sources */,
				18328C74204EB3240030C0C9 /* HomeModel.swift in Sources */,
				18328C73204EB3240030C0C9 /* HomeVC.swift in Sources */,
				187C43AF204D262B00D74281 /* Data Source.swift in Sources */,
				18328C75204EB3240030C0C9 /* HomeViewModel.swift in Sources */,
				187C43B1204D264A00D74281 /* Webservice.swift in Sources */,
			);
			runOnlyForDeploymentPostprocessing = 0;
		};
/* End PBXSourcesBuildPhase section */

/* Begin PBXVariantGroup section */
		187C439B204D252700D74281 /* LaunchScreen.storyboard */ = {
			isa = PBXVariantGroup;
			children = (
				187C439C204D252700D74281 /* Base */,
			);
			name = LaunchScreen.storyboard;
			sourceTree = "<group>";
		};
/* End PBXVariantGroup section */

/* Begin XCBuildConfiguration section */
		187C439F204D252700D74281 /* Debug */ = {
			isa = XCBuildConfiguration;
			buildSettings = {
				ALWAYS_SEARCH_USER_PATHS = NO;
				CLANG_ANALYZER_NONNULL = YES;
				CLANG_ANALYZER_NUMBER_OBJECT_CONVERSION = YES_AGGRESSIVE;
				CLANG_CXX_LANGUAGE_STANDARD = "gnu++14";
				CLANG_CXX_LIBRARY = "libc++";
				CLANG_ENABLE_MODULES = YES;
				CLANG_ENABLE_OBJC_ARC = YES;
				CLANG_WARN_BLOCK_CAPTURE_AUTORELEASING = YES;
				CLANG_WARN_BOOL_CONVERSION = YES;
				CLANG_WARN_COMMA = YES;
				CLANG_WARN_CONSTANT_CONVERSION = YES;
				CLANG_WARN_DEPRECATED_OBJC_IMPLEMENTATIONS = YES;
				CLANG_WARN_DIRECT_OBJC_ISA_USAGE = YES_ERROR;
				CLANG_WARN_DOCUMENTATION_COMMENTS = YES;
				CLANG_WARN_EMPTY_BODY = YES;
				CLANG_WARN_ENUM_CONVERSION = YES;
				CLANG_WARN_INFINITE_RECURSION = YES;
				CLANG_WARN_INT_CONVERSION = YES;
				CLANG_WARN_NON_LITERAL_NULL_CONVERSION = YES;
				CLANG_WARN_OBJC_IMPLICIT_RETAIN_SELF = YES;
				CLANG_WARN_OBJC_LITERAL_CONVERSION = YES;
				CLANG_WARN_OBJC_ROOT_CLASS = YES_ERROR;
				CLANG_WARN_RANGE_LOOP_ANALYSIS = YES;
				CLANG_WARN_STRICT_PROTOTYPES = YES;
				CLANG_WARN_SUSPICIOUS_MOVE = YES;
				CLANG_WARN_UNGUARDED_AVAILABILITY = YES_AGGRESSIVE;
				CLANG_WARN_UNREACHABLE_CODE = YES;
				CLANG_WARN__DUPLICATE_METHOD_MATCH = YES;
				CODE_SIGN_IDENTITY = "iPhone Developer";
				COPY_PHASE_STRIP = NO;
				DEBUG_INFORMATION_FORMAT = dwarf;
				ENABLE_STRICT_OBJC_MSGSEND = YES;
				ENABLE_TESTABILITY = YES;
				GCC_C_LANGUAGE_STANDARD = gnu11;
				GCC_DYNAMIC_NO_PIC = NO;
				GCC_NO_COMMON_BLOCKS = YES;
				GCC_OPTIMIZATION_LEVEL = 0;
				GCC_PREPROCESSOR_DEFINITIONS = (
					"DEBUG=1",
					"$(inherited)",
				);
				GCC_WARN_64_TO_32_BIT_CONVERSION = YES;
				GCC_WARN_ABOUT_RETURN_TYPE = YES_ERROR;
				GCC_WARN_UNDECLARED_SELECTOR = YES;
				GCC_WARN_UNINITIALIZED_AUTOS = YES_AGGRESSIVE;
				GCC_WARN_UNUSED_FUNCTION = YES;
				GCC_WARN_UNUSED_VARIABLE = YES;
				IPHONEOS_DEPLOYMENT_TARGET = 11.2;
				MTL_ENABLE_DEBUG_INFO = YES;
				ONLY_ACTIVE_ARCH = YES;
				SDKROOT = iphoneos;
				SWIFT_ACTIVE_COMPILATION_CONDITIONS = DEBUG;
				SWIFT_OPTIMIZATION_LEVEL = "-Onone";
			};
			name = Debug;
		};
		187C43A0204D252700D74281 /* Release */ = {
			isa = XCBuildConfiguration;
			buildSettings = {
				ALWAYS_SEARCH_USER_PATHS = NO;
				CLANG_ANALYZER_NONNULL = YES;
				CLANG_ANALYZER_NUMBER_OBJECT_CONVERSION = YES_AGGRESSIVE;
				CLANG_CXX_LANGUAGE_STANDARD = "gnu++14";
				CLANG_CXX_LIBRARY = "libc++";
				CLANG_ENABLE_MODULES = YES;
				CLANG_ENABLE_OBJC_ARC = YES;
				CLANG_WARN_BLOCK_CAPTURE_AUTORELEASING = YES;
				CLANG_WARN_BOOL_CONVERSION = YES;
				CLANG_WARN_COMMA = YES;
				CLANG_WARN_CONSTANT_CONVERSION = YES;
				CLANG_WARN_DEPRECATED_OBJC_IMPLEMENTATIONS = YES;
				CLANG_WARN_DIRECT_OBJC_ISA_USAGE = YES_ERROR;
				CLANG_WARN_DOCUMENTATION_COMMENTS = YES;
				CLANG_WARN_EMPTY_BODY = YES;
				CLANG_WARN_ENUM_CONVERSION = YES;
				CLANG_WARN_INFINITE_RECURSION = YES;
				CLANG_WARN_INT_CONVERSION = YES;
				CLANG_WARN_NON_LITERAL_NULL_CONVERSION = YES;
				CLANG_WARN_OBJC_IMPLICIT_RETAIN_SELF = YES;
				CLANG_WARN_OBJC_LITERAL_CONVERSION = YES;
				CLANG_WARN_OBJC_ROOT_CLASS = YES_ERROR;
				CLANG_WARN_RANGE_LOOP_ANALYSIS = YES;
				CLANG_WARN_STRICT_PROTOTYPES = YES;
				CLANG_WARN_SUSPICIOUS_MOVE = YES;
				CLANG_WARN_UNGUARDED_AVAILABILITY = YES_AGGRESSIVE;
				CLANG_WARN_UNREACHABLE_CODE = YES;
				CLANG_WARN__DUPLICATE_METHOD_MATCH = YES;
				CODE_SIGN_IDENTITY = "iPhone Developer";
				COPY_PHASE_STRIP = NO;
				DEBUG_INFORMATION_FORMAT = "dwarf-with-dsym";
				ENABLE_NS_ASSERTIONS = NO;
				ENABLE_STRICT_OBJC_MSGSEND = YES;
				GCC_C_LANGUAGE_STANDARD = gnu11;
				GCC_NO_COMMON_BLOCKS = YES;
				GCC_WARN_64_TO_32_BIT_CONVERSION = YES;
				GCC_WARN_ABOUT_RETURN_TYPE = YES_ERROR;
				GCC_WARN_UNDECLARED_SELECTOR = YES;
				GCC_WARN_UNINITIALIZED_AUTOS = YES_AGGRESSIVE;
				GCC_WARN_UNUSED_FUNCTION = YES;
				GCC_WARN_UNUSED_VARIABLE = YES;
				IPHONEOS_DEPLOYMENT_TARGET = 11.2;
				MTL_ENABLE_DEBUG_INFO = NO;
				SDKROOT = iphoneos;
				SWIFT_OPTIMIZATION_LEVEL = "-Owholemodule";
				VALIDATE_PRODUCT = YES;
			};
			name = Release;
		};
		187C43A2204D252700D74281 /* Debug */ = {
			isa = XCBuildConfiguration;
			buildSettings = {
				ASSETCATALOG_COMPILER_APPICON_NAME = AppIcon;
				CODE_SIGN_STYLE = Automatic;
				DEVELOPMENT_TEAM = F6998RP55G;
				INFOPLIST_FILE = "$(SRCROOT)/MVVM_Project/Supporting Files/Info.plist";
				LD_RUNPATH_SEARCH_PATHS = "$(inherited) @executable_path/Frameworks";
				PRODUCT_BUNDLE_IDENTIFIER = "com.Smartivity.MVVM-Project";
				PRODUCT_NAME = "$(TARGET_NAME)";
				SWIFT_VERSION = 4.0;
				TARGETED_DEVICE_FAMILY = "1,2";
			};
			name = Debug;
		};
		187C43A3204D252700D74281 /* Release */ = {
			isa = XCBuildConfiguration;
			buildSettings = {
				ASSETCATALOG_COMPILER_APPICON_NAME = AppIcon;
				CODE_SIGN_STYLE = Automatic;
				DEVELOPMENT_TEAM = F6998RP55G;
				INFOPLIST_FILE = "$(SRCROOT)/MVVM_Project/Supporting Files/Info.plist";
				LD_RUNPATH_SEARCH_PATHS = "$(inherited) @executable_path/Frameworks";
				PRODUCT_BUNDLE_IDENTIFIER = "com.Smartivity.MVVM-Project";
				PRODUCT_NAME = "$(TARGET_NAME)";
				SWIFT_VERSION = 4.0;
				TARGETED_DEVICE_FAMILY = "1,2";
			};
			name = Release;
		};
/* End XCBuildConfiguration section */

/* Begin XCConfigurationList section */
		187C438A204D252700D74281 /* Build configuration list for PBXProject "MVVM_Project" */ = {
			isa = XCConfigurationList;
			buildConfigurations = (
				187C439F204D252700D74281 /* Debug */,
				187C43A0204D252700D74281 /* Release */,
			);
			defaultConfigurationIsVisible = 0;
			defaultConfigurationName = Release;
		};
		187C43A1204D252700D74281 /* Build configuration list for PBXNativeTarget "MVVM_Project" */ = {
			isa = XCConfigurationList;
			buildConfigurations = (
				187C43A2204D252700D74281 /* Debug */,
				187C43A3204D252700D74281 /* Release */,
			);
			defaultConfigurationIsVisible = 0;
			defaultConfigurationName = Release;
		};
/* End XCConfigurationList section */
	};
	rootObject = 187C4387204D252700D74281 /* Project object */;
}
